
Microsoft Visual Studio Solution File, Format Version 12.00
# Visual Studio Version 17
VisualStudioVersion = 17.0.31919.166
MinimumVisualStudioVersion = 10.0.40219.1
Project("{FAE04EC0-301F-11D3-BF4B-00C04F79EFBC}") = "WeatherAPP1", "WeatherAPP1\WeatherAPP1.csproj", "{9F22BC86-B002-433E-919E-56C22BDC48C0}"
EndProject
Global
	GlobalSection(SolutionConfigurationPlatforms) = preSolution
		Debug|Any CPU = Debug|Any CPU
		Release|Any CPU = Release|Any CPU
	EndGlobalSection
	GlobalSection(ProjectConfigurationPlatforms) = postSolution
		{9F22BC86-B002-433E-919E-56C22BDC48C0}.Debug|Any CPU.ActiveCfg = Debug|Any CPU
		{9F22BC86-B002-433E-919E-56C22BDC48C0}.Debug|Any CPU.Build.0 = Debug|Any CPU
		{9F22BC86-B002-433E-919E-56C22BDC48C0}.Release|Any CPU.ActiveCfg = Release|Any CPU
		{9F22BC86-B002-433E-919E-56C22BDC48C0}.Release|Any CPU.Build.0 = Release|Any CPU
	EndGlobalSection
	GlobalSection(SolutionProperties) = preSolution
		HideSolutionNode = FALSE
	EndGlobalSection
	GlobalSection(ExtensibilityGlobals) = postSolution
		SolutionGuid = {7DBE6C55-23CA-436E-BCA5-0752C5AE1536}
	EndGlobalSection
EndGlobal
